
Microsoft Visual Studio Solution File, Format Version 12.00
# Visual Studio Version 16
VisualStudioVersion = 16.0.30114.105
MinimumVisualStudioVersion = 10.0.40219.1
Project("{2150E333-8FDC-42A3-9474-1A3956D46DE8}") = "Source", "Source", "{8FB60813-0AA8-4949-AC96-B04C1E17887C}"
EndProject
Project("{FAE04EC0-301F-11D3-BF4B-00C04F79EFBC}") = "Balta.CourseManager.App", "Source\Balta.CourseManager.App\Balta.CourseManager.App.csproj", "{D0AECF74-AA24-42B3-BC58-1079324B5E68}"
EndProject
Global
	GlobalSection(SolutionConfigurationPlatforms) = preSolution
		Debug|Any CPU = Debug|Any CPU
		Release|Any CPU = Release|Any CPU
	EndGlobalSection
	GlobalSection(SolutionProperties) = preSolution
		HideSolutionNode = FALSE
	EndGlobalSection
	GlobalSection(ProjectConfigurationPlatforms) = postSolution
		{D0AECF74-AA24-42B3-BC58-1079324B5E68}.Debug|Any CPU.ActiveCfg = Debug|Any CPU
		{D0AECF74-AA24-42B3-BC58-1079324B5E68}.Debug|Any CPU.Build.0 = Debug|Any CPU
		{D0AECF74-AA24-42B3-BC58-1079324B5E68}.Release|Any CPU.ActiveCfg = Release|Any CPU
		{D0AECF74-AA24-42B3-BC58-1079324B5E68}.Release|Any CPU.Build.0 = Release|Any CPU
	EndGlobalSection
	GlobalSection(NestedProjects) = preSolution
		{D0AECF74-AA24-42B3-BC58-1079324B5E68} = {8FB60813-0AA8-4949-AC96-B04C1E17887C}
	EndGlobalSection
EndGlobal
